
Microsoft Visual Studio Solution File, Format Version 12.00
# Visual Studio Version 17
VisualStudioVersion = 17.0.31903.59
MinimumVisualStudioVersion = 10.0.40219.1
Project("{FAE04EC0-301F-11D3-BF4B-00C04F79EFBC}") = "AutoRegistry.API", "AutoRegistry.API\AutoRegistry.API.csproj", "{1E5A19F2-2EC5-4605-AB0F-E0ABAF68FBA0}"
EndProject
Project("{FAE04EC0-301F-11D3-BF4B-00C04F79EFBC}") = "AutoRegistry.Core", "AutoRegistry.Core\AutoRegistry.Core.csproj", "{6EC95F21-1686-4E0B-A9AF-E25DA065C797}"
EndProject
Project("{FAE04EC0-301F-11D3-BF4B-00C04F79EFBC}") = "AutoRegistry.Tests", "AutoRegistry.Tests\AutoRegistry.Tests.csproj", "{727AE232-1561-47DD-B67A-5EDB9B3124DD}"
EndProject
Global
	GlobalSection(SolutionConfigurationPlatforms) = preSolution
		Debug|Any CPU = Debug|Any CPU
		Debug|x64 = Debug|x64
		Debug|x86 = Debug|x86
		Release|Any CPU = Release|Any CPU
		Release|x64 = Release|x64
		Release|x86 = Release|x86
	EndGlobalSection
	GlobalSection(ProjectConfigurationPlatforms) = postSolution
		{1E5A19F2-2EC5-4605-AB0F-E0ABAF68FBA0}.Debug|Any CPU.ActiveCfg = Debug|Any CPU
		{1E5A19F2-2EC5-4605-AB0F-E0ABAF68FBA0}.Debug|Any CPU.Build.0 = Debug|Any CPU
		{1E5A19F2-2EC5-4605-AB0F-E0ABAF68FBA0}.Debug|x64.ActiveCfg = Debug|Any CPU
		{1E5A19F2-2EC5-4605-AB0F-E0ABAF68FBA0}.Debug|x64.Build.0 = Debug|Any CPU
		{1E5A19F2-2EC5-4605-AB0F-E0ABAF68FBA0}.Debug|x86.ActiveCfg = Debug|Any CPU
		{1E5A19F2-2EC5-4605-AB0F-E0ABAF68FBA0}.Debug|x86.Build.0 = Debug|Any CPU
		{1E5A19F2-2EC5-4605-AB0F-E0ABAF68FBA0}.Release|Any CPU.ActiveCfg = Release|Any CPU
		{1E5A19F2-2EC5-4605-AB0F-E0ABAF68FBA0}.Release|Any CPU.Build.0 = Release|Any CPU
		{1E5A19F2-2EC5-4605-AB0F-E0ABAF68FBA0}.Release|x64.ActiveCfg = Release|Any CPU
		{1E5A19F2-2EC5-4605-AB0F-E0ABAF68FBA0}.Release|x64.Build.0 = Release|Any CPU
		{1E5A19F2-2EC5-4605-AB0F-E0ABAF68FBA0}.Release|x86.ActiveCfg = Release|Any CPU
		{1E5A19F2-2EC5-4605-AB0F-E0ABAF68FBA0}.Release|x86.Build.0 = Release|Any CPU
		{6EC95F21-1686-4E0B-A9AF-E25DA065C797}.Debug|Any CPU.ActiveCfg = Debug|Any CPU
		{6EC95F21-1686-4E0B-A9AF-E25DA065C797}.Debug|Any CPU.Build.0 = Debug|Any CPU
		{6EC95F21-1686-4E0B-A9AF-E25DA065C797}.Debug|x64.ActiveCfg = Debug|Any CPU
		{6EC95F21-1686-4E0B-A9AF-E25DA065C797}.Debug|x64.Build.0 = Debug|Any CPU
		{6EC95F21-1686-4E0B-A9AF-E25DA065C797}.Debug|x86.ActiveCfg = Debug|Any CPU
		{6EC95F21-1686-4E0B-A9AF-E25DA065C797}.Debug|x86.Build.0 = Debug|Any CPU
		{6EC95F21-1686-4E0B-A9AF-E25DA065C797}.Release|Any CPU.ActiveCfg = Release|Any CPU
		{6EC95F21-1686-4E0B-A9AF-E25DA065C797}.Release|Any CPU.Build.0 = Release|Any CPU
		{6EC95F21-1686-4E0B-A9AF-E25DA065C797}.Release|x64.ActiveCfg = Release|Any CPU
		{6EC95F21-1686-4E0B-A9AF-E25DA065C797}.Release|x64.Build.0 = Release|Any CPU
		{6EC95F21-1686-4E0B-A9AF-E25DA065C797}.Release|x86.ActiveCfg = Release|Any CPU
		{6EC95F21-1686-4E0B-A9AF-E25DA065C797}.Release|x86.Build.0 = Release|Any CPU
		{727AE232-1561-47DD-B67A-5EDB9B3124DD}.Debug|Any CPU.ActiveCfg = Debug|Any CPU
		{727AE232-1561-47DD-B67A-5EDB9B3124DD}.Debug|Any CPU.Build.0 = Debug|Any CPU
		{727AE232-1561-47DD-B67A-5EDB9B3124DD}.Debug|x64.ActiveCfg = Debug|Any CPU
		{727AE232-1561-47DD-B67A-5EDB9B3124DD}.Debug|x64.Build.0 = Debug|Any CPU
		{727AE232-1561-47DD-B67A-5EDB9B3124DD}.Debug|x86.ActiveCfg = Debug|Any CPU
		{727AE232-1561-47DD-B67A-5EDB9B3124DD}.Debug|x86.Build.0 = Debug|Any CPU
		{727AE232-1561-47DD-B67A-5EDB9B3124DD}.Release|Any CPU.ActiveCfg = Release|Any CPU
		{727AE232-1561-47DD-B67A-5EDB9B3124DD}.Release|Any CPU.Build.0 = Release|Any CPU
		{727AE232-1561-47DD-B67A-5EDB9B3124DD}.Release|x64.ActiveCfg = Release|Any CPU
		{727AE232-1561-47DD-B67A-5EDB9B3124DD}.Release|x64.Build.0 = Release|Any CPU
		{727AE232-1561-47DD-B67A-5EDB9B3124DD}.Release|x86.ActiveCfg = Release|Any CPU
		{727AE232-1561-47DD-B67A-5EDB9B3124DD}.Release|x86.Build.0 = Release|Any CPU
	EndGlobalSection
	GlobalSection(SolutionProperties) = preSolution
		HideSolutionNode = FALSE
	EndGlobalSection
EndGlobal
